
Microsoft Visual Studio Solution File, Format Version 12.00
# Visual Studio Version 17
VisualStudioVersion = 17.1.32228.430
MinimumVisualStudioVersion = 10.0.40219.1
Project("{FAE04EC0-301F-11D3-BF4B-00C04F79EFBC}") = "LabQR.Android", "LabQR\LabQR.Android\LabQR.Android.csproj", "{C73BBA5A-B595-4AE0-BF29-8A2E13AD6FB9}"
EndProject
Project("{FAE04EC0-301F-11D3-BF4B-00C04F79EFBC}") = "LabQR.iOS", "LabQR\LabQR.iOS\LabQR.iOS.csproj", "{D5D79038-02E4-4A97-8C48-C1CDD91DA33A}"
EndProject
Project("{FAE04EC0-301F-11D3-BF4B-00C04F79EFBC}") = "LabQR", "LabQR\LabQR\LabQR.csproj", "{3FBF63BC-A43C-4E10-8ED8-D7F5CF7E4D4C}"
EndProject
Global
	GlobalSection(SolutionConfigurationPlatforms) = preSolution
		Debug|Any CPU = Debug|Any CPU
		Debug|iPhone = Debug|iPhone
		Debug|iPhoneSimulator = Debug|iPhoneSimulator
		Release|Any CPU = Release|Any CPU
		Release|iPhone = Release|iPhone
		Release|iPhoneSimulator = Release|iPhoneSimulator
	EndGlobalSection
	GlobalSection(ProjectConfigurationPlatforms) = postSolution
		{C73BBA5A-B595-4AE0-BF29-8A2E13AD6FB9}.Debug|Any CPU.ActiveCfg = Debug|Any CPU
		{C73BBA5A-B595-4AE0-BF29-8A2E13AD6FB9}.Debug|Any CPU.Build.0 = Debug|Any CPU
		{C73BBA5A-B595-4AE0-BF29-8A2E13AD6FB9}.Debug|Any CPU.Deploy.0 = Debug|Any CPU
		{C73BBA5A-B595-4AE0-BF29-8A2E13AD6FB9}.Debug|iPhone.ActiveCfg = Debug|Any CPU
		{C73BBA5A-B595-4AE0-BF29-8A2E13AD6FB9}.Debug|iPhone.Build.0 = Debug|Any CPU
		{C73BBA5A-B595-4AE0-BF29-8A2E13AD6FB9}.Debug|iPhone.Deploy.0 = Debug|Any CPU
		{C73BBA5A-B595-4AE0-BF29-8A2E13AD6FB9}.Debug|iPhoneSimulator.ActiveCfg = Debug|Any CPU
		{C73BBA5A-B595-4AE0-BF29-8A2E13AD6FB9}.Debug|iPhoneSimulator.Build.0 = Debug|Any CPU
		{C73BBA5A-B595-4AE0-BF29-8A2E13AD6FB9}.Debug|iPhoneSimulator.Deploy.0 = Debug|Any CPU
		{C73BBA5A-B595-4AE0-BF29-8A2E13AD6FB9}.Release|Any CPU.ActiveCfg = Release|Any CPU
		{C73BBA5A-B595-4AE0-BF29-8A2E13AD6FB9}.Release|Any CPU.Build.0 = Release|Any CPU
		{C73BBA5A-B595-4AE0-BF29-8A2E13AD6FB9}.Release|Any CPU.Deploy.0 = Release|Any CPU
		{C73BBA5A-B595-4AE0-BF29-8A2E13AD6FB9}.Release|iPhone.ActiveCfg = Release|Any CPU
		{C73BBA5A-B595-4AE0-BF29-8A2E13AD6FB9}.Release|iPhone.Build.0 = Release|Any CPU
		{C73BBA5A-B595-4AE0-BF29-8A2E13AD6FB9}.Release|iPhone.Deploy.0 = Release|Any CPU
		{C73BBA5A-B595-4AE0-BF29-8A2E13AD6FB9}.Release|iPhoneSimulator.ActiveCfg = Release|Any CPU
		{C73BBA5A-B595-4AE0-BF29-8A2E13AD6FB9}.Release|iPhoneSimulator.Build.0 = Release|Any CPU
		{C73BBA5A-B595-4AE0-BF29-8A2E13AD6FB9}.Release|iPhoneSimulator.Deploy.0 = Release|Any CPU
		{D5D79038-02E4-4A97-8C48-C1CDD91DA33A}.Debug|Any CPU.ActiveCfg = Debug|iPhone
		{D5D79038-02E4-4A97-8C48-C1CDD91DA33A}.Debug|Any CPU.Build.0 = Debug|iPhone
		{D5D79038-02E4-4A97-8C48-C1CDD91DA33A}.Debug|Any CPU.Deploy.0 = Debug|iPhone
		{D5D79038-02E4-4A97-8C48-C1CDD91DA33A}.Debug|iPhone.ActiveCfg = Debug|iPhone
		{D5D79038-02E4-4A97-8C48-C1CDD91DA33A}.Debug|iPhone.Build.0 = Debug|iPhone
		{D5D79038-02E4-4A97-8C48-C1CDD91DA33A}.Debug|iPhone.Deploy.0 = Debug|iPhone
		{D5D79038-02E4-4A97-8C48-C1CDD91DA33A}.Debug|iPhoneSimulator.ActiveCfg = Debug|iPhoneSimulator
		{D5D79038-02E4-4A97-8C48-C1CDD91DA33A}.Debug|iPhoneSimulator.Build.0 = Debug|iPhoneSimulator
		{D5D79038-02E4-4A97-8C48-C1CDD91DA33A}.Debug|iPhoneSimulator.Deploy.0 = Debug|iPhoneSimulator
		{D5D79038-02E4-4A97-8C48-C1CDD91DA33A}.Release|Any CPU.ActiveCfg = Release|iPhoneSimulator
		{D5D79038-02E4-4A97-8C48-C1CDD91DA33A}.Release|Any CPU.Build.0 = Release|iPhoneSimulator
		{D5D79038-02E4-4A97-8C48-C1CDD91DA33A}.Release|Any CPU.Deploy.0 = Release|iPhoneSimulator
		{D5D79038-02E4-4A97-8C48-C1CDD91DA33A}.Release|iPhone.ActiveCfg = Release|iPhone
		{D5D79038-02E4-4A97-8C48-C1CDD91DA33A}.Release|iPhone.Build.0 = Release|iPhone
		{D5D79038-02E4-4A97-8C48-C1CDD91DA33A}.Release|iPhone.Deploy.0 = Release|iPhone
		{D5D79038-02E4-4A97-8C48-C1CDD91DA33A}.Release|iPhoneSimulator.ActiveCfg = Release|iPhoneSimulator
		{D5D79038-02E4-4A97-8C48-C1CDD91DA33A}.Release|iPhoneSimulator.Build.0 = Release|iPhoneSimulator
		{D5D79038-02E4-4A97-8C48-C1CDD91DA33A}.Release|iPhoneSimulator.Deploy.0 = Release|iPhoneSimulator
		{3FBF63BC-A43C-4E10-8ED8-D7F5CF7E4D4C}.Debug|Any CPU.ActiveCfg = Debug|Any CPU
		{3FBF63BC-A43C-4E10-8ED8-D7F5CF7E4D4C}.Debug|Any CPU.Build.0 = Debug|Any CPU
		{3FBF63BC-A43C-4E10-8ED8-D7F5CF7E4D4C}.Debug|Any CPU.Deploy.0 = Debug|Any CPU
		{3FBF63BC-A43C-4E10-8ED8-D7F5CF7E4D4C}.Debug|iPhone.ActiveCfg = Debug|Any CPU
		{3FBF63BC-A43C-4E10-8ED8-D7F5CF7E4D4C}.Debug|iPhone.Build.0 = Debug|Any CPU
		{3FBF63BC-A43C-4E10-8ED8-D7F5CF7E4D4C}.Debug|iPhone.Deploy.0 = Debug|Any CPU
		{3FBF63BC-A43C-4E10-8ED8-D7F5CF7E4D4C}.Debug|iPhoneSimulator.ActiveCfg = Debug|Any CPU
		{3FBF63BC-A43C-4E10-8ED8-D7F5CF7E4D4C}.Debug|iPhoneSimulator.Build.0 = Debug|Any CPU
		{3FBF63BC-A43C-4E10-8ED8-D7F5CF7E4D4C}.Debug|iPhoneSimulator.Deploy.0 = Debug|Any CPU
		{3FBF63BC-A43C-4E10-8ED8-D7F5CF7E4D4C}.Release|Any CPU.ActiveCfg = Release|Any CPU
		{3FBF63BC-A43C-4E10-8ED8-D7F5CF7E4D4C}.Release|Any CPU.Build.0 = Release|Any CPU
		{3FBF63BC-A43C-4E10-8ED8-D7F5CF7E4D4C}.Release|Any CPU.Deploy.0 = Release|Any CPU
		{3FBF63BC-A43C-4E10-8ED8-D7F5CF7E4D4C}.Release|iPhone.ActiveCfg = Release|Any CPU
		{3FBF63BC-A43C-4E10-8ED8-D7F5CF7E4D4C}.Release|iPhone.Build.0 = Release|Any CPU
		{3FBF63BC-A43C-4E10-8ED8-D7F5CF7E4D4C}.Release|iPhone.Deploy.0 = Release|Any CPU
		{3FBF63BC-A43C-4E10-8ED8-D7F5CF7E4D4C}.Release|iPhoneSimulator.ActiveCfg = Release|Any CPU
		{3FBF63BC-A43C-4E10-8ED8-D7F5CF7E4D4C}.Release|iPhoneSimulator.Build.0 = Release|Any CPU
		{3FBF63BC-A43C-4E10-8ED8-D7F5CF7E4D4C}.Release|iPhoneSimulator.Deploy.0 = Release|Any CPU
	EndGlobalSection
	GlobalSection(SolutionProperties) = preSolution
		HideSolutionNode = FALSE
	EndGlobalSection
	GlobalSection(ExtensibilityGlobals) = postSolution
		SolutionGuid = {EFEFA797-9860-4628-88A4-DE1B3FC3FBE8}
	EndGlobalSection
EndGlobal
